// !$*UTF8*$!
{
	archiveVersion = 1;
	classes = {
	};
	objectVersion = 46;
	objects = {

/* Begin PBXBuildFile section */
		56F645781A9CB03700637E79 /* AppDelegate.swift in Sources */ = {isa = PBXBuildFile; fileRef = 56F645771A9CB03700637E79 /* AppDelegate.swift */; };
		56F6457A1A9CB03700637E79 /* Images.xcassets in Resources */ = {isa = PBXBuildFile; fileRef = 56F645791A9CB03700637E79 /* Images.xcassets */; };
		56F6457D1A9CB03700637E79 /* MainMenu.xib in Resources */ = {isa = PBXBuildFile; fileRef = 56F6457B1A9CB03700637E79 /* MainMenu.xib */; };
		56F645891A9CB03700637E79 /* MTests.swift in Sources */ = {isa = PBXBuildFile; fileRef = 56F645881A9CB03700637E79 /* MTests.swift */; };
/* End PBXBuildFile section */

/* Begin PBXContainerItemProxy section */
		56F645831A9CB03700637E79 /* PBXContainerItemProxy */ = {
			isa = PBXContainerItemProxy;
			containerPortal = 56F6456A1A9CB03700637E79 /* Project object */;
			proxyType = 1;
			remoteGlobalIDString = 56F645711A9CB03700637E79;
			remoteInfo = M;
		};
/* End PBXContainerItemProxy section */

/* Begin PBXFileReference section */
		56F645721A9CB03700637E79 /* M.app */ = {isa = PBXFileReference; explicitFileType = wrapper.application; includeInIndex = 0; path = M.app; sourceTree = BUILT_PRODUCTS_DIR; };
		56F645761A9CB03700637E79 /* Info.plist */ = {isa = PBXFileReference; lastKnownFileType = text.plist.xml; path = Info.plist; sourceTree = "<group>"; };
		56F645771A9CB03700637E79 /* AppDelegate.swift */ = {isa = PBXFileReference; lastKnownFileType = sourcecode.swift; path = AppDelegate.swift; sourceTree = "<group>"; };
		56F645791A9CB03700637E79 /* Images.xcassets */ = {isa = PBXFileReference; lastKnownFileType = folder.assetcatalog; path = Images.xcassets; sourceTree = "<group>"; };
		56F6457C1A9CB03700637E79 /* Base */ = {isa = PBXFileReference; lastKnownFileType = file.xib; name = Base; path = Base.lproj/MainMenu.xib; sourceTree = "<group>"; };
		56F645821A9CB03700637E79 /* MTests.xctest */ = {isa = PBXFileReference; explicitFileType = wrapper.cfbundle; includeInIndex = 0; path = MTests.xctest; sourceTree = BUILT_PRODUCTS_DIR; };
		56F645871A9CB03700637E79 /* Info.plist */ = {isa = PBXFileReference; lastKnownFileType = text.plist.xml; path = Info.plist; sourceTree = "<group>"; };
		56F645881A9CB03700637E79 /* MTests.swift */ = {isa = PBXFileReference; lastKnownFileType = sourcecode.swift; path = MTests.swift; sourceTree = "<group>"; };
/* End PBXFileReference section */

/* Begin PBXFrameworksBuildPhase section */
		56F6456F1A9CB03700637E79 /* Frameworks */ = {
			isa = PBXFrameworksBuildPhase;
			buildActionMask = 2147483647;
			files = (
			);
			runOnlyForDeploymentPostprocessing = 0;
		};
		56F6457F1A9CB03700637E79 /* Frameworks */ = {
			isa = PBXFrameworksBuildPhase;
			buildActionMask = 2147483647;
			files = (
			);
			runOnlyForDeploymentPostprocessing = 0;
		};
/* End PBXFrameworksBuildPhase section */

/* Begin PBXGroup section */
		56F645691A9CB03700637E79 = {
			isa = PBXGroup;
			children = (
				56F645741A9CB03700637E79 /* M */,
				56F645851A9CB03700637E79 /* MTests */,
				56F645731A9CB03700637E79 /* Products */,
			);
			sourceTree = "<group>";
		};
		56F645731A9CB03700637E79 /* Products */ = {
			isa = PBXGroup;
			children = (
				56F645721A9CB03700637E79 /* M.app */,
				56F645821A9CB03700637E79 /* MTests.xctest */,
			);
			name = Products;
			sourceTree = "<group>";
		};
		56F645741A9CB03700637E79 /* M */ = {
			isa = PBXGroup;
			children = (
				56F645771A9CB03700637E79 /* AppDelegate.swift */,
				56F645791A9CB03700637E79 /* Images.xcassets */,
				56F6457B1A9CB03700637E79 /* MainMenu.xib */,
				56F645751A9CB03700637E79 /* Supporting Files */,
			);
			path = M;
			sourceTree = "<group>";
		};
		56F645751A9CB03700637E79 /* Supporting Files */ = {
			isa = PBXGroup;
			children = (
				56F645761A9CB03700637E79 /* Info.plist */,
			);
			name = "Supporting Files";
			sourceTree = "<group>";
		};
		56F645851A9CB03700637E79 /* MTests */ = {
			isa = PBXGroup;
			children = (
				56F645881A9CB03700637E79 /* MTests.swift */,
				56F645861A9CB03700637E79 /* Supporting Files */,
			);
			path = MTests;
			sourceTree = "<group>";
		};
		56F645861A9CB03700637E79 /* Supporting Files */ = {
			isa = PBXGroup;
			children = (
				56F645871A9CB03700637E79 /* Info.plist */,
			);
			name = "Supporting Files";
			sourceTree = "<group>";
		};
/* End PBXGroup section */

/* Begin PBXNativeTarget section */
		56F645711A9CB03700637E79 /* M */ = {
			isa = PBXNativeTarget;
			buildConfigurationList = 56F6458C1A9CB03700637E79 /* Build configuration list for PBXNativeTarget "M" */;
			buildPhases = (
				56F6456E1A9CB03700637E79 /* Sources */,
				56F6456F1A9CB03700637E79 /* Frameworks */,
				56F645701A9CB03700637E79 /* Resources */,
			);
			buildRules = (
			);
			dependencies = (
			);
			name = M;
			productName = M;
			productReference = 56F645721A9CB03700637E79 /* M.app */;
			productType = "com.apple.product-type.application";
		};
		56F645811A9CB03700637E79 /* MTests */ = {
			isa = PBXNativeTarget;
			buildConfigurationList = 56F6458F1A9CB03700637E79 /* Build configuration list for PBXNativeTarget "MTests" */;
			buildPhases = (
				56F6457E1A9CB03700637E79 /* Sources */,
				56F6457F1A9CB03700637E79 /* Frameworks */,
				56F645801A9CB03700637E79 /* Resources */,
			);
			buildRules = (
			);
			dependencies = (
				56F645841A9CB03700637E79 /* PBXTargetDependency */,
			);
			name = MTests;
			productName = MTests;
			productReference = 56F645821A9CB03700637E79 /* MTests.xctest */;
			productType = "com.apple.product-type.bundle.unit-test";
		};
/* End PBXNativeTarget section */

/* Begin PBXProject section */
		56F6456A1A9CB03700637E79 /* Project object */ = {
			isa = PBXProject;
			attributes = {
				LastUpgradeCheck = 0610;
				ORGANIZATIONNAME = massimo;
				TargetAttributes = {
					56F645711A9CB03700637E79 = {
						CreatedOnToolsVersion = 6.1.1;
					};
					56F645811A9CB03700637E79 = {
						CreatedOnToolsVersion = 6.1.1;
						TestTargetID = 56F645711A9CB03700637E79;
					};
				};
			};
			buildConfigurationList = 56F6456D1A9CB03700637E79 /* Build configuration list for PBXProject "M" */;
			compatibilityVersion = "Xcode 3.2";
			developmentRegion = English;
			hasScannedForEncodings = 0;
			knownRegions = (
				en,
				Base,
			);
			mainGroup = 56F645691A9CB03700637E79;
			productRefGroup = 56F645731A9CB03700637E79 /* Products */;
			projectDirPath = "";
			projectRoot = "";
			targets = (
				56F645711A9CB03700637E79 /* M */,
				56F645811A9CB03700637E79 /* MTests */,
			);
		};
/* End PBXProject section */

/* Begin PBXResourcesBuildPhase section */
		56F645701A9CB03700637E79 /* Resources */ = {
			isa = PBXResourcesBuildPhase;
			buildActionMask = 2147483647;
			files = (
				56F6457A1A9CB03700637E79 /* Images.xcassets in Resources */,
				56F6457D1A9CB03700637E79 /* MainMenu.xib in Resources */,
			);
			runOnlyForDeploymentPostprocessing = 0;
		};
		56F645801A9CB03700637E79 /* Resources */ = {
			isa = PBXResourcesBuildPhase;
			buildActionMask = 2147483647;
			files = (
			);
			runOnlyForDeploymentPostprocessing = 0;
		};
/* End PBXResourcesBuildPhase section */

/* Begin PBXSourcesBuildPhase section */
		56F6456E1A9CB03700637E79 /* Sources */ = {
			isa = PBXSourcesBuildPhase;
			buildActionMask = 2147483647;
			files = (
				56F645781A9CB03700637E79 /* AppDelegate.swift in Sources */,
			);
			runOnlyForDeploymentPostprocessing = 0;
		};
		56F6457E1A9CB03700637E79 /* Sources */ = {
			isa = PBXSourcesBuildPhase;
			buildActionMask = 2147483647;
			files = (
				56F645891A9CB03700637E79 /* MTests.swift in Sources */,
			);
			runOnlyForDeploymentPostprocessing = 0;
		};
/* End PBXSourcesBuildPhase section */

/* Begin PBXTargetDependency section */
		56F645841A9CB03700637E79 /* PBXTargetDependency */ = {
			isa = PBXTargetDependency;
			target = 56F645711A9CB03700637E79 /* M */;
			targetProxy = 56F645831A9CB03700637E79 /* PBXContainerItemProxy */;
		};
/* End PBXTargetDependency section */

/* Begin PBXVariantGroup section */
		56F6457B1A9CB03700637E79 /* MainMenu.xib */ = {
			isa = PBXVariantGroup;
			children = (
				56F6457C1A9CB03700637E79 /* Base */,
			);
			name = MainMenu.xib;
			sourceTree = "<group>";
		};
/* End PBXVariantGroup section */

/* Begin XCBuildConfiguration section */
		56F6458A1A9CB03700637E79 /* Debug */ = {
			isa = XCBuildConfiguration;
			buildSettings = {
				ALWAYS_SEARCH_USER_PATHS = NO;
				CLANG_CXX_LANGUAGE_STANDARD = "gnu++0x";
				CLANG_CXX_LIBRARY = "libc++";
				CLANG_ENABLE_MODULES = YES;
				CLANG_ENABLE_OBJC_ARC = YES;
				CLANG_WARN_BOOL_CONVERSION = YES;
				CLANG_WARN_CONSTANT_CONVERSION = YES;
				CLANG_WARN_DIRECT_OBJC_ISA_USAGE = YES_ERROR;
				CLANG_WARN_EMPTY_BODY = YES;
				CLANG_WARN_ENUM_CONVERSION = YES;
				CLANG_WARN_INT_CONVERSION = YES;
				CLANG_WARN_OBJC_ROOT_CLASS = YES_ERROR;
				CLANG_WARN_UNREACHABLE_CODE = YES;
				CLANG_WARN__DUPLICATE_METHOD_MATCH = YES;
				CODE_SIGN_IDENTITY = "-";
				COPY_PHASE_STRIP = NO;
				ENABLE_STRICT_OBJC_MSGSEND = YES;
				GCC_C_LANGUAGE_STANDARD = gnu99;
				GCC_DYNAMIC_NO_PIC = NO;
				GCC_OPTIMIZATION_LEVEL = 0;
				GCC_PREPROCESSOR_DEFINITIONS = (
					"DEBUG=1",
					"$(inherited)",
				);
				GCC_SYMBOLS_PRIVATE_EXTERN = NO;
				GCC_WARN_64_TO_32_BIT_CONVERSION = YES;
				GCC_WARN_ABOUT_RETURN_TYPE = YES_ERROR;
				GCC_WARN_UNDECLARED_SELECTOR = YES;
				GCC_WARN_UNINITIALIZED_AUTOS = YES_AGGRESSIVE;
				GCC_WARN_UNUSED_FUNCTION = YES;
				GCC_WARN_UNUSED_VARIABLE = YES;
				MACOSX_DEPLOYMENT_TARGET = 10.10;
				MTL_ENABLE_DEBUG_INFO = YES;
				ONLY_ACTIVE_ARCH = YES;
				SDKROOT = macosx;
				SWIFT_OPTIMIZATION_LEVEL = "-Onone";
			};
			name = Debug;
		};
		56F6458B1A9CB03700637E79 /* Release */ = {
			isa = XCBuildConfiguration;
			buildSettings = {
				ALWAYS_SEARCH_USER_PATHS = NO;
				CLANG_CXX_LANGUAGE_STANDARD = "gnu++0x";
				CLANG_CXX_LIBRARY = "libc++";
				CLANG_ENABLE_MODULES = YES;
				CLANG_ENABLE_OBJC_ARC = YES;
				CLANG_WARN_BOOL_CONVERSION = YES;
				CLANG_WARN_CONSTANT_CONVERSION = YES;
				CLANG_WARN_DIRECT_OBJC_ISA_USAGE = YES_ERROR;
				CLANG_WARN_EMPTY_BODY = YES;
				CLANG_WARN_ENUM_CONVERSION = YES;
				CLANG_WARN_INT_CONVERSION = YES;
				CLANG_WARN_OBJC_ROOT_CLASS = YES_ERROR;
				CLANG_WARN_UNREACHABLE_CODE = YES;
				CLANG_WARN__DUPLICATE_METHOD_MATCH = YES;
				CODE_SIGN_IDENTITY = "-";
				COPY_PHASE_STRIP = YES;
				DEBUG_INFORMATION_FORMAT = "dwarf-with-dsym";
				ENABLE_NS_ASSERTIONS = NO;
				ENABLE_STRICT_OBJC_MSGSEND = YES;
				GCC_C_LANGUAGE_STANDARD = gnu99;
				GCC_WARN_64_TO_32_BIT_CONVERSION = YES;
				GCC_WARN_ABOUT_RETURN_TYPE = YES_ERROR;
				GCC_WARN_UNDECLARED_SELECTOR = YES;
				GCC_WARN_UNINITIALIZED_AUTOS = YES_AGGRESSIVE;
				GCC_WARN_UNUSED_FUNCTION = YES;
				GCC_WARN_UNUSED_VARIABLE = YES;
				MACOSX_DEPLOYMENT_TARGET = 10.10;
				MTL_ENABLE_DEBUG_INFO = NO;
				SDKROOT = macosx;
			};
			name = Release;
		};
		56F6458D1A9CB03700637E79 /* Debug */ = {
			isa = XCBuildConfiguration;
			buildSettings = {
				ASSETCATALOG_COMPILER_APPICON_NAME = AppIcon;
				COMBINE_HIDPI_IMAGES = YES;
				INFOPLIST_FILE = M/Info.plist;
				LD_RUNPATH_SEARCH_PATHS = "$(inherited) @executable_path/../Frameworks";
				PRODUCT_NAME = "$(TARGET_NAME)";
			};
			name = Debug;
		};
		56F6458E1A9CB03700637E79 /* Release */ = {
			isa = XCBuildConfiguration;
			buildSettings = {
				ASSETCATALOG_COMPILER_APPICON_NAME = AppIcon;
				COMBINE_HIDPI_IMAGES = YES;
				INFOPLIST_FILE = M/Info.plist;
				LD_RUNPATH_SEARCH_PATHS = "$(inherited) @executable_path/../Frameworks";
				PRODUCT_NAME = "$(TARGET_NAME)";
			};
			name = Release;
		};
		56F645901A9CB03700637E79 /* Debug */ = {
			isa = XCBuildConfiguration;
			buildSettings = {
				BUNDLE_LOADER = "$(TEST_HOST)";
				COMBINE_HIDPI_IMAGES = YES;
				FRAMEWORK_SEARCH_PATHS = (
					"$(DEVELOPER_FRAMEWORKS_DIR)",
					"$(inherited)",
				);
				GCC_PREPROCESSOR_DEFINITIONS = (
					"DEBUG=1",
					"$(inherited)",
				);
				INFOPLIST_FILE = MTests/Info.plist;
				LD_RUNPATH_SEARCH_PATHS = "$(inherited) @executable_path/../Frameworks @loader_path/../Frameworks";
				PRODUCT_NAME = "$(TARGET_NAME)";
				TEST_HOST = "$(BUILT_PRODUCTS_DIR)/M.app/Contents/MacOS/M";
			};
			name = Debug;
		};
		56F645911A9CB03700637E79 /* Release */ = {
			isa = XCBuildConfiguration;
			buildSettings = {
				BUNDLE_LOADER = "$(TEST_HOST)";
				COMBINE_HIDPI_IMAGES = YES;
				FRAMEWORK_SEARCH_PATHS = (
					"$(DEVELOPER_FRAMEWORKS_DIR)",
					"$(inherited)",
				);
				INFOPLIST_FILE = MTests/Info.plist;
				LD_RUNPATH_SEARCH_PATHS = "$(inherited) @executable_path/../Frameworks @loader_path/../Frameworks";
				PRODUCT_NAME = "$(TARGET_NAME)";
				TEST_HOST = "$(BUILT_PRODUCTS_DIR)/M.app/Contents/MacOS/M";
			};
			name = Release;
		};
/* End XCBuildConfiguration section */

/* Begin XCConfigurationList section */
		56F6456D1A9CB03700637E79 /* Build configuration list for PBXProject "M" */ = {
			isa = XCConfigurationList;
			buildConfigurations = (
				56F6458A1A9CB03700637E79 /* Debug */,
				56F6458B1A9CB03700637E79 /* Release */,
			);
			defaultConfigurationIsVisible = 0;
			defaultConfigurationName = Release;
		};
		56F6458C1A9CB03700637E79 /* Build configuration list for PBXNativeTarget "M" */ = {
			isa = XCConfigurationList;
			buildConfigurations = (
				56F6458D1A9CB03700637E79 /* Debug */,
				56F6458E1A9CB03700637E79 /* Release */,
			);
			defaultConfigurationIsVisible = 0;
		};
		56F6458F1A9CB03700637E79 /* Build configuration list for PBXNativeTarget "MTests" */ = {
			isa = XCConfigurationList;
			buildConfigurations = (
				56F645901A9CB03700637E79 /* Debug */,
				56F645911A9CB03700637E79 /* Release */,
			);
			defaultConfigurationIsVisible = 0;
		};
/* End XCConfigurationList section */
	};
	rootObject = 56F6456A1A9CB03700637E79 /* Project object */;
}
